
Microsoft Visual Studio Solution File, Format Version 12.00
# Visual Studio Version 16
VisualStudioVersion = 16.0.29613.14
MinimumVisualStudioVersion = 10.0.40219.1
Project("{9A19103F-16F7-4668-BE54-9A1E7A4F7556}") = "GetWeChatToken", "GetWeChatToken.csproj", "{F6E59187-958A-46A0-8B38-50F4193FA0AC}"
EndProject
Project("{9A19103F-16F7-4668-BE54-9A1E7A4F7556}") = "WeChatPlatform", "..\WeChatPlatform\WeChatPlatform.csproj", "{37CC5562-8244-494D-A9F2-7D2FEF9D4536}"
EndProject
Project("{FAE04EC0-301F-11D3-BF4B-00C04F79EFBC}") = "TokenHelper", "..\TokenHelper\TokenHelper.csproj", "{7C3D52EF-7B46-4343-BA2B-EBA81AF4FBCE}"
EndProject
Global
	GlobalSection(SolutionConfigurationPlatforms) = preSolution
		Debug|Any CPU = Debug|Any CPU
		Release|Any CPU = Release|Any CPU
	EndGlobalSection
	GlobalSection(ProjectConfigurationPlatforms) = postSolution
		{F6E59187-958A-46A0-8B38-50F4193FA0AC}.Debug|Any CPU.ActiveCfg = Debug|Any CPU
		{F6E59187-958A-46A0-8B38-50F4193FA0AC}.Debug|Any CPU.Build.0 = Debug|Any CPU
		{F6E59187-958A-46A0-8B38-50F4193FA0AC}.Release|Any CPU.ActiveCfg = Release|Any CPU
		{F6E59187-958A-46A0-8B38-50F4193FA0AC}.Release|Any CPU.Build.0 = Release|Any CPU
		{37CC5562-8244-494D-A9F2-7D2FEF9D4536}.Debug|Any CPU.ActiveCfg = Debug|Any CPU
		{37CC5562-8244-494D-A9F2-7D2FEF9D4536}.Debug|Any CPU.Build.0 = Debug|Any CPU
		{37CC5562-8244-494D-A9F2-7D2FEF9D4536}.Release|Any CPU.ActiveCfg = Release|Any CPU
		{37CC5562-8244-494D-A9F2-7D2FEF9D4536}.Release|Any CPU.Build.0 = Release|Any CPU
		{7C3D52EF-7B46-4343-BA2B-EBA81AF4FBCE}.Debug|Any CPU.ActiveCfg = Debug|Any CPU
		{7C3D52EF-7B46-4343-BA2B-EBA81AF4FBCE}.Debug|Any CPU.Build.0 = Debug|Any CPU
		{7C3D52EF-7B46-4343-BA2B-EBA81AF4FBCE}.Release|Any CPU.ActiveCfg = Release|Any CPU
		{7C3D52EF-7B46-4343-BA2B-EBA81AF4FBCE}.Release|Any CPU.Build.0 = Release|Any CPU
	EndGlobalSection
	GlobalSection(SolutionProperties) = preSolution
		HideSolutionNode = FALSE
	EndGlobalSection
	GlobalSection(ExtensibilityGlobals) = postSolution
		SolutionGuid = {744B45E8-3EE5-444A-8295-24C680BD1A37}
	EndGlobalSection
EndGlobal
